// !$*UTF8*$!
{
	archiveVersion = 1;
	classes = {
	};
	objectVersion = 46;
	objects = {

/* Begin PBXBuildFile section */
		F6A68F9315FBE4100082BFB3 /* UIKit.framework in Frameworks */ = {isa = PBXBuildFile; fileRef = F6A68F9215FBE4100082BFB3 /* UIKit.framework */; };
		F6A68F9515FBE4100082BFB3 /* Foundation.framework in Frameworks */ = {isa = PBXBuildFile; fileRef = F6A68F9415FBE4100082BFB3 /* Foundation.framework */; };
		F6A68F9715FBE4100082BFB3 /* CoreGraphics.framework in Frameworks */ = {isa = PBXBuildFile; fileRef = F6A68F9615FBE4100082BFB3 /* CoreGraphics.framework */; };
		F6A68F9D15FBE4100082BFB3 /* InfoPlist.strings in Resources */ = {isa = PBXBuildFile; fileRef = F6A68F9B15FBE4100082BFB3 /* InfoPlist.strings */; };
		F6A68F9F15FBE4100082BFB3 /* main.m in Sources */ = {isa = PBXBuildFile; fileRef = F6A68F9E15FBE4100082BFB3 /* main.m */; };
		F6A68FA315FBE4100082BFB3 /* AppDelegate.m in Sources */ = {isa = PBXBuildFile; fileRef = F6A68FA215FBE4100082BFB3 /* AppDelegate.m */; };
		F6A68FA615FBE4100082BFB3 /* MainStoryboard.storyboard in Resources */ = {isa = PBXBuildFile; fileRef = F6A68FA415FBE4100082BFB3 /* MainStoryboard.storyboard */; };
		F6A68FA915FBE4100082BFB3 /* ViewController.m in Sources */ = {isa = PBXBuildFile; fileRef = F6A68FA815FBE4100082BFB3 /* ViewController.m */; };
/* End PBXBuildFile section */

/* Begin PBXFileReference section */
		F6A68F8E15FBE4100082BFB3 /* SemiModal.app */ = {isa = PBXFileReference; explicitFileType = wrapper.application; includeInIndex = 0; path = SemiModal.app; sourceTree = BUILT_PRODUCTS_DIR; };
		F6A68F9215FBE4100082BFB3 /* UIKit.framework */ = {isa = PBXFileReference; lastKnownFileType = wrapper.framework; name = UIKit.framework; path = System/Library/Frameworks/UIKit.framework; sourceTree = SDKROOT; };
		F6A68F9415FBE4100082BFB3 /* Foundation.framework */ = {isa = PBXFileReference; lastKnownFileType = wrapper.framework; name = Foundation.framework; path = System/Library/Frameworks/Foundation.framework; sourceTree = SDKROOT; };
		F6A68F9615FBE4100082BFB3 /* CoreGraphics.framework */ = {isa = PBXFileReference; lastKnownFileType = wrapper.framework; name = CoreGraphics.framework; path = System/Library/Frameworks/CoreGraphics.framework; sourceTree = SDKROOT; };
		F6A68F9A15FBE4100082BFB3 /* SemiModal-Info.plist */ = {isa = PBXFileReference; lastKnownFileType = text.plist.xml; path = "SemiModal-Info.plist"; sourceTree = "<group>"; };
		F6A68F9C15FBE4100082BFB3 /* en */ = {isa = PBXFileReference; lastKnownFileType = text.plist.strings; name = en; path = en.lproj/InfoPlist.strings; sourceTree = "<group>"; };
		F6A68F9E15FBE4100082BFB3 /* main.m */ = {isa = PBXFileReference; lastKnownFileType = sourcecode.c.objc; path = main.m; sourceTree = "<group>"; };
		F6A68FA015FBE4100082BFB3 /* SemiModal-Prefix.pch */ = {isa = PBXFileReference; lastKnownFileType = sourcecode.c.h; path = "SemiModal-Prefix.pch"; sourceTree = "<group>"; };
		F6A68FA115FBE4100082BFB3 /* AppDelegate.h */ = {isa = PBXFileReference; lastKnownFileType = sourcecode.c.h; path = AppDelegate.h; sourceTree = "<group>"; };
		F6A68FA215FBE4100082BFB3 /* AppDelegate.m */ = {isa = PBXFileReference; lastKnownFileType = sourcecode.c.objc; path = AppDelegate.m; sourceTree = "<group>"; };
		F6A68FA515FBE4100082BFB3 /* en */ = {isa = PBXFileReference; lastKnownFileType = file.storyboard; name = en; path = en.lproj/MainStoryboard.storyboard; sourceTree = "<group>"; };
		F6A68FA715FBE4100082BFB3 /* ViewController.h */ = {isa = PBXFileReference; lastKnownFileType = sourcecode.c.h; path = ViewController.h; sourceTree = "<group>"; };
		F6A68FA815FBE4100082BFB3 /* ViewController.m */ = {isa = PBXFileReference; lastKnownFileType = sourcecode.c.objc; path = ViewController.m; sourceTree = "<group>"; };
/* End PBXFileReference section */

/* Begin PBXFrameworksBuildPhase section */
		F6A68F8B15FBE4100082BFB3 /* Frameworks */ = {
			isa = PBXFrameworksBuildPhase;
			buildActionMask = 2147483647;
			files = (
				F6A68F9315FBE4100082BFB3 /* UIKit.framework in Frameworks */,
				F6A68F9515FBE4100082BFB3 /* Foundation.framework in Frameworks */,
				F6A68F9715FBE4100082BFB3 /* CoreGraphics.framework in Frameworks */,
			);
			runOnlyForDeploymentPostprocessing = 0;
		};
/* End PBXFrameworksBuildPhase section */

/* Begin PBXGroup section */
		F6A68F8315FBE4100082BFB3 = {
			isa = PBXGroup;
			children = (
				F6A68F9815FBE4100082BFB3 /* SemiModal */,
				F6A68F9115FBE4100082BFB3 /* Frameworks */,
				F6A68F8F15FBE4100082BFB3 /* Products */,
			);
			sourceTree = "<group>";
		};
		F6A68F8F15FBE4100082BFB3 /* Products */ = {
			isa = PBXGroup;
			children = (
				F6A68F8E15FBE4100082BFB3 /* SemiModal.app */,
			);
			name = Products;
			sourceTree = "<group>";
		};
		F6A68F9115FBE4100082BFB3 /* Frameworks */ = {
			isa = PBXGroup;
			children = (
				F6A68F9215FBE4100082BFB3 /* UIKit.framework */,
				F6A68F9415FBE4100082BFB3 /* Foundation.framework */,
				F6A68F9615FBE4100082BFB3 /* CoreGraphics.framework */,
			);
			name = Frameworks;
			sourceTree = "<group>";
		};
		F6A68F9815FBE4100082BFB3 /* SemiModal */ = {
			isa = PBXGroup;
			children = (
				F6A68FA115FBE4100082BFB3 /* AppDelegate.h */,
				F6A68FA215FBE4100082BFB3 /* AppDelegate.m */,
				F6A68FA415FBE4100082BFB3 /* MainStoryboard.storyboard */,
				F6A68FA715FBE4100082BFB3 /* ViewController.h */,
				F6A68FA815FBE4100082BFB3 /* ViewController.m */,
				F6A68F9915FBE4100082BFB3 /* Supporting Files */,
			);
			path = SemiModal;
			sourceTree = "<group>";
		};
		F6A68F9915FBE4100082BFB3 /* Supporting Files */ = {
			isa = PBXGroup;
			children = (
				F6A68F9A15FBE4100082BFB3 /* SemiModal-Info.plist */,
				F6A68F9B15FBE4100082BFB3 /* InfoPlist.strings */,
				F6A68F9E15FBE4100082BFB3 /* main.m */,
				F6A68FA015FBE4100082BFB3 /* SemiModal-Prefix.pch */,
			);
			name = "Supporting Files";
			sourceTree = "<group>";
		};
/* End PBXGroup section */

/* Begin PBXNativeTarget section */
		F6A68F8D15FBE4100082BFB3 /* SemiModal */ = {
			isa = PBXNativeTarget;
			buildConfigurationList = F6A68FAC15FBE4100082BFB3 /* Build configuration list for PBXNativeTarget "SemiModal" */;
			buildPhases = (
				F6A68F8A15FBE4100082BFB3 /* Sources */,
				F6A68F8B15FBE4100082BFB3 /* Frameworks */,
				F6A68F8C15FBE4100082BFB3 /* Resources */,
			);
			buildRules = (
			);
			dependencies = (
			);
			name = SemiModal;
			productName = SemiModal;
			productReference = F6A68F8E15FBE4100082BFB3 /* SemiModal.app */;
			productType = "com.apple.product-type.application";
		};
/* End PBXNativeTarget section */

/* Begin PBXProject section */
		F6A68F8515FBE4100082BFB3 /* Project object */ = {
			isa = PBXProject;
			attributes = {
				LastUpgradeCheck = 0440;
				ORGANIZATIONNAME = "Shai Amar";
			};
			buildConfigurationList = F6A68F8815FBE4100082BFB3 /* Build configuration list for PBXProject "SemiModal" */;
			compatibilityVersion = "Xcode 3.2";
			developmentRegion = English;
			hasScannedForEncodings = 0;
			knownRegions = (
				en,
			);
			mainGroup = F6A68F8315FBE4100082BFB3;
			productRefGroup = F6A68F8F15FBE4100082BFB3 /* Products */;
			projectDirPath = "";
			projectRoot = "";
			targets = (
				F6A68F8D15FBE4100082BFB3 /* SemiModal */,
			);
		};
/* End PBXProject section */

/* Begin PBXResourcesBuildPhase section */
		F6A68F8C15FBE4100082BFB3 /* Resources */ = {
			isa = PBXResourcesBuildPhase;
			buildActionMask = 2147483647;
			files = (
				F6A68F9D15FBE4100082BFB3 /* InfoPlist.strings in Resources */,
				F6A68FA615FBE4100082BFB3 /* MainStoryboard.storyboard in Resources */,
			);
			runOnlyForDeploymentPostprocessing = 0;
		};
/* End PBXResourcesBuildPhase section */

/* Begin PBXSourcesBuildPhase section */
		F6A68F8A15FBE4100082BFB3 /* Sources */ = {
			isa = PBXSourcesBuildPhase;
			buildActionMask = 2147483647;
			files = (
				F6A68F9F15FBE4100082BFB3 /* main.m in Sources */,
				F6A68FA315FBE4100082BFB3 /* AppDelegate.m in Sources */,
				F6A68FA915FBE4100082BFB3 /* ViewController.m in Sources */,
			);
			runOnlyForDeploymentPostprocessing = 0;
		};
/* End PBXSourcesBuildPhase section */

/* Begin PBXVariantGroup section */
		F6A68F9B15FBE4100082BFB3 /* InfoPlist.strings */ = {
			isa = PBXVariantGroup;
			children = (
				F6A68F9C15FBE4100082BFB3 /* en */,
			);
			name = InfoPlist.strings;
			sourceTree = "<group>";
		};
		F6A68FA415FBE4100082BFB3 /* MainStoryboard.storyboard */ = {
			isa = PBXVariantGroup;
			children = (
				F6A68FA515FBE4100082BFB3 /* en */,
			);
			name = MainStoryboard.storyboard;
			sourceTree = "<group>";
		};
/* End PBXVariantGroup section */

/* Begin XCBuildConfiguration section */
		F6A68FAA15FBE4100082BFB3 /* Debug */ = {
			isa = XCBuildConfiguration;
			buildSettings = {
				ALWAYS_SEARCH_USER_PATHS = NO;
				ARCHS = "$(ARCHS_STANDARD_32_BIT)";
				CLANG_CXX_LANGUAGE_STANDARD = "gnu++0x";
				CLANG_ENABLE_OBJC_ARC = YES;
				CLANG_WARN__DUPLICATE_METHOD_MATCH = YES;
				"CODE_SIGN_IDENTITY[sdk=iphoneos*]" = "iPhone Developer";
				COPY_PHASE_STRIP = NO;
				GCC_C_LANGUAGE_STANDARD = gnu99;
				GCC_DYNAMIC_NO_PIC = NO;
				GCC_OPTIMIZATION_LEVEL = 0;
				GCC_PREPROCESSOR_DEFINITIONS = (
					"DEBUG=1",
					"$(inherited)",
				);
				GCC_SYMBOLS_PRIVATE_EXTERN = NO;
				GCC_VERSION = com.apple.compilers.llvm.clang.1_0;
				GCC_WARN_ABOUT_RETURN_TYPE = YES;
				GCC_WARN_UNINITIALIZED_AUTOS = YES;
				GCC_WARN_UNUSED_VARIABLE = YES;
				IPHONEOS_DEPLOYMENT_TARGET = 5.1;
				SDKROOT = iphoneos;
			};
			name = Debug;
		};
		F6A68FAB15FBE4100082BFB3 /* Release */ = {
			isa = XCBuildConfiguration;
			buildSettings = {
				ALWAYS_SEARCH_USER_PATHS = NO;
				ARCHS = "$(ARCHS_STANDARD_32_BIT)";
				CLANG_CXX_LANGUAGE_STANDARD = "gnu++0x";
				CLANG_ENABLE_OBJC_ARC = YES;
				CLANG_WARN__DUPLICATE_METHOD_MATCH = YES;
				"CODE_SIGN_IDENTITY[sdk=iphoneos*]" = "iPhone Developer";
				COPY_PHASE_STRIP = YES;
				GCC_C_LANGUAGE_STANDARD = gnu99;
				GCC_VERSION = com.apple.compilers.llvm.clang.1_0;
				GCC_WARN_ABOUT_RETURN_TYPE = YES;
				GCC_WARN_UNINITIALIZED_AUTOS = YES;
				GCC_WARN_UNUSED_VARIABLE = YES;
				IPHONEOS_DEPLOYMENT_TARGET = 5.1;
				OTHER_CFLAGS = "-DNS_BLOCK_ASSERTIONS=1";
				SDKROOT = iphoneos;
				VALIDATE_PRODUCT = YES;
			};
			name = Release;
		};
		F6A68FAD15FBE4100082BFB3 /* Debug */ = {
			isa = XCBuildConfiguration;
			buildSettings = {
				GCC_PRECOMPILE_PREFIX_HEADER = YES;
				GCC_PREFIX_HEADER = "SemiModal/SemiModal-Prefix.pch";
				INFOPLIST_FILE = "SemiModal/SemiModal-Info.plist";
				PRODUCT_NAME = "$(TARGET_NAME)";
				WRAPPER_EXTENSION = app;
			};
			name = Debug;
		};
		F6A68FAE15FBE4100082BFB3 /* Release */ = {
			isa = XCBuildConfiguration;
			buildSettings = {
				GCC_PRECOMPILE_PREFIX_HEADER = YES;
				GCC_PREFIX_HEADER = "SemiModal/SemiModal-Prefix.pch";
				INFOPLIST_FILE = "SemiModal/SemiModal-Info.plist";
				PRODUCT_NAME = "$(TARGET_NAME)";
				WRAPPER_EXTENSION = app;
			};
			name = Release;
		};
/* End XCBuildConfiguration section */

/* Begin XCConfigurationList section */
		F6A68F8815FBE4100082BFB3 /* Build configuration list for PBXProject "SemiModal" */ = {
			isa = XCConfigurationList;
			buildConfigurations = (
				F6A68FAA15FBE4100082BFB3 /* Debug */,
				F6A68FAB15FBE4100082BFB3 /* Release */,
			);
			defaultConfigurationIsVisible = 0;
			defaultConfigurationName = Release;
		};
		F6A68FAC15FBE4100082BFB3 /* Build configuration list for PBXNativeTarget "SemiModal" */ = {
			isa = XCConfigurationList;
			buildConfigurations = (
				F6A68FAD15FBE4100082BFB3 /* Debug */,
				F6A68FAE15FBE4100082BFB3 /* Release */,
			);
			defaultConfigurationIsVisible = 0;
		};
/* End XCConfigurationList section */
	};
	rootObject = F6A68F8515FBE4100082BFB3 /* Project object */;
}
